// !$*UTF8*$!
{
	archiveVersion = 1;
	classes = {
	};
	objectVersion = 56;
	objects = {

/* Begin PBXBuildFile section */
		1D03C6D329164FF300F83246 /* AppDelegate.swift in Sources */ = {isa = PBXBuildFile; fileRef = 1D03C6D229164FF300F83246 /* AppDelegate.swift */; };
		1D03C6D529164FF300F83246 /* SceneDelegate.swift in Sources */ = {isa = PBXBuildFile; fileRef = 1D03C6D429164FF300F83246 /* SceneDelegate.swift */; };
		1D03C6D729164FF300F83246 /* MainTabBarViewController.swift in Sources */ = {isa = PBXBuildFile; fileRef = 1D03C6D629164FF300F83246 /* MainTabBarViewController.swift */; };
		1D03C6DC29164FF500F83246 /* Assets.xcassets in Resources */ = {isa = PBXBuildFile; fileRef = 1D03C6DB29164FF500F83246 /* Assets.xcassets */; };
		1D03C6DF29164FF500F83246 /* LaunchScreen.storyboard in Resources */ = {isa = PBXBuildFile; fileRef = 1D03C6DD29164FF500F83246 /* LaunchScreen.storyboard */; };
		1D03C6E82916527A00F83246 /* HomeViewController.swift in Sources */ = {isa = PBXBuildFile; fileRef = 1D03C6E72916527A00F83246 /* HomeViewController.swift */; };
		1D03C6EA291652C900F83246 /* UpcomingViewController.swift in Sources */ = {isa = PBXBuildFile; fileRef = 1D03C6E9291652C900F83246 /* UpcomingViewController.swift */; };
		1D03C6ED2916545E00F83246 /* SearchViewController.swift in Sources */ = {isa = PBXBuildFile; fileRef = 1D03C6EC2916545E00F83246 /* SearchViewController.swift */; };
		1D03C6EF291654A100F83246 /* DownloadViewController.swift in Sources */ = {isa = PBXBuildFile; fileRef = 1D03C6EE291654A100F83246 /* DownloadViewController.swift */; };
		1DFAC9832917753E00BA1B2D /* CollectionViewTableViewCell.swift in Sources */ = {isa = PBXBuildFile; fileRef = 1DFAC9822917753E00BA1B2D /* CollectionViewTableViewCell.swift */; };
		1DFAC9A529178D1700BA1B2D /* SakulaHeaderView.swift in Sources */ = {isa = PBXBuildFile; fileRef = 1DFAC9A429178D1700BA1B2D /* SakulaHeaderView.swift */; };
/* End PBXBuildFile section */

/* Begin PBXFileReference section */
		1D03C6CF29164FF300F83246 /* Netflix Clone.app */ = {isa = PBXFileReference; explicitFileType = wrapper.application; includeInIndex = 0; path = "Netflix Clone.app"; sourceTree = BUILT_PRODUCTS_DIR; };
		1D03C6D229164FF300F83246 /* AppDelegate.swift */ = {isa = PBXFileReference; lastKnownFileType = sourcecode.swift; path = AppDelegate.swift; sourceTree = "<group>"; };
		1D03C6D429164FF300F83246 /* SceneDelegate.swift */ = {isa = PBXFileReference; lastKnownFileType = sourcecode.swift; path = SceneDelegate.swift; sourceTree = "<group>"; };
		1D03C6D629164FF300F83246 /* MainTabBarViewController.swift */ = {isa = PBXFileReference; lastKnownFileType = sourcecode.swift; path = MainTabBarViewController.swift; sourceTree = "<group>"; };
		1D03C6DB29164FF500F83246 /* Assets.xcassets */ = {isa = PBXFileReference; lastKnownFileType = folder.assetcatalog; path = Assets.xcassets; sourceTree = "<group>"; };
		1D03C6DE29164FF500F83246 /* Base */ = {isa = PBXFileReference; lastKnownFileType = file.storyboard; name = Base; path = Base.lproj/LaunchScreen.storyboard; sourceTree = "<group>"; };
		1D03C6E029164FF500F83246 /* Info.plist */ = {isa = PBXFileReference; lastKnownFileType = text.plist.xml; path = Info.plist; sourceTree = "<group>"; };
		1D03C6E72916527A00F83246 /* HomeViewController.swift */ = {isa = PBXFileReference; lastKnownFileType = sourcecode.swift; path = HomeViewController.swift; sourceTree = "<group>"; };
		1D03C6E9291652C900F83246 /* UpcomingViewController.swift */ = {isa = PBXFileReference; lastKnownFileType = sourcecode.swift; path = UpcomingViewController.swift; sourceTree = "<group>"; };
		1D03C6EC2916545E00F83246 /* SearchViewController.swift */ = {isa = PBXFileReference; lastKnownFileType = sourcecode.swift; path = SearchViewController.swift; sourceTree = "<group>"; };
		1D03C6EE291654A100F83246 /* DownloadViewController.swift */ = {isa = PBXFileReference; lastKnownFileType = sourcecode.swift; path = DownloadViewController.swift; sourceTree = "<group>"; };
		1DFAC9822917753E00BA1B2D /* CollectionViewTableViewCell.swift */ = {isa = PBXFileReference; lastKnownFileType = sourcecode.swift; path = CollectionViewTableViewCell.swift; sourceTree = "<group>"; };
		1DFAC9A429178D1700BA1B2D /* SakulaHeaderView.swift */ = {isa = PBXFileReference; lastKnownFileType = sourcecode.swift; path = SakulaHeaderView.swift; sourceTree = "<group>"; };
/* End PBXFileReference section */

/* Begin PBXFrameworksBuildPhase section */
		1D03C6CC29164FF300F83246 /* Frameworks */ = {
			isa = PBXFrameworksBuildPhase;
			buildActionMask = 2147483647;
			files = (
			);
			runOnlyForDeploymentPostprocessing = 0;
		};
/* End PBXFrameworksBuildPhase section */

/* Begin PBXGroup section */
		1D03C6C629164FF300F83246 = {
			isa = PBXGroup;
			children = (
				1D03C6D129164FF300F83246 /* Netflix Clone */,
				1D03C6D029164FF300F83246 /* Products */,
			);
			sourceTree = "<group>";
		};
		1D03C6D029164FF300F83246 /* Products */ = {
			isa = PBXGroup;
			children = (
				1D03C6CF29164FF300F83246 /* Netflix Clone.app */,
			);
			name = Products;
			sourceTree = "<group>";
		};
		1D03C6D129164FF300F83246 /* Netflix Clone */ = {
			isa = PBXGroup;
			children = (
				1DFAC981291774E800BA1B2D /* Managers */,
				1DFAC980291774DF00BA1B2D /* Resource */,
				1DFAC97F291774C600BA1B2D /* Models */,
				1DFAC97E291774BC00BA1B2D /* ViewModels */,
				1DFAC97D291774AE00BA1B2D /* Views */,
				1D03C6E62916523100F83246 /* Controllers */,
				1D03C6D229164FF300F83246 /* AppDelegate.swift */,
				1D03C6D429164FF300F83246 /* SceneDelegate.swift */,
				1D03C6D629164FF300F83246 /* MainTabBarViewController.swift */,
				1D03C6DB29164FF500F83246 /* Assets.xcassets */,
				1D03C6DD29164FF500F83246 /* LaunchScreen.storyboard */,
				1D03C6E029164FF500F83246 /* Info.plist */,
			);
			path = "Netflix Clone";
			sourceTree = "<group>";
		};
		1D03C6E62916523100F83246 /* Controllers */ = {
			isa = PBXGroup;
			children = (
				1D03C6E72916527A00F83246 /* HomeViewController.swift */,
				1D03C6E9291652C900F83246 /* UpcomingViewController.swift */,
				1D03C6EC2916545E00F83246 /* SearchViewController.swift */,
				1D03C6EE291654A100F83246 /* DownloadViewController.swift */,
			);
			path = Controllers;
			sourceTree = "<group>";
		};
		1DFAC97D291774AE00BA1B2D /* Views */ = {
			isa = PBXGroup;
			children = (
				1DFAC9822917753E00BA1B2D /* CollectionViewTableViewCell.swift */,
				1DFAC9A429178D1700BA1B2D /* SakulaHeaderView.swift */,
			);
			path = Views;
			sourceTree = "<group>";
		};
		1DFAC97E291774BC00BA1B2D /* ViewModels */ = {
			isa = PBXGroup;
			children = (
			);
			path = ViewModels;
			sourceTree = "<group>";
		};
		1DFAC97F291774C600BA1B2D /* Models */ = {
			isa = PBXGroup;
			children = (
			);
			path = Models;
			sourceTree = "<group>";
		};
		1DFAC980291774DF00BA1B2D /* Resource */ = {
			isa = PBXGroup;
			children = (
			);
			path = Resource;
			sourceTree = "<group>";
		};
		1DFAC981291774E800BA1B2D /* Managers */ = {
			isa = PBXGroup;
			children = (
			);
			path = Managers;
			sourceTree = "<group>";
		};
/* End PBXGroup section */

/* Begin PBXNativeTarget section */
		1D03C6CE29164FF300F83246 /* Netflix Clone */ = {
			isa = PBXNativeTarget;
			buildConfigurationList = 1D03C6E329164FF500F83246 /* Build configuration list for PBXNativeTarget "Netflix Clone" */;
			buildPhases = (
				1D03C6CB29164FF300F83246 /* Sources */,
				1D03C6CC29164FF300F83246 /* Frameworks */,
				1D03C6CD29164FF300F83246 /* Resources */,
			);
			buildRules = (
			);
			dependencies = (
			);
			name = "Netflix Clone";
			productName = "Netflix Clone";
			productReference = 1D03C6CF29164FF300F83246 /* Netflix Clone.app */;
			productType = "com.apple.product-type.application";
		};
/* End PBXNativeTarget section */

/* Begin PBXProject section */
		1D03C6C729164FF300F83246 /* Project object */ = {
			isa = PBXProject;
			attributes = {
				BuildIndependentTargetsInParallel = 1;
				LastSwiftUpdateCheck = 1410;
				LastUpgradeCheck = 1410;
				TargetAttributes = {
					1D03C6CE29164FF300F83246 = {
						CreatedOnToolsVersion = 14.1;
					};
				};
			};
			buildConfigurationList = 1D03C6CA29164FF300F83246 /* Build configuration list for PBXProject "Netflix Clone" */;
			compatibilityVersion = "Xcode 14.0";
			developmentRegion = en;
			hasScannedForEncodings = 0;
			knownRegions = (
				en,
				Base,
			);
			mainGroup = 1D03C6C629164FF300F83246;
			productRefGroup = 1D03C6D029164FF300F83246 /* Products */;
			projectDirPath = "";
			projectRoot = "";
			targets = (
				1D03C6CE29164FF300F83246 /* Netflix Clone */,
			);
		};
/* End PBXProject section */

/* Begin PBXResourcesBuildPhase section */
		1D03C6CD29164FF300F83246 /* Resources */ = {
			isa = PBXResourcesBuildPhase;
			buildActionMask = 2147483647;
			files = (
				1D03C6DF29164FF500F83246 /* LaunchScreen.storyboard in Resources */,
				1D03C6DC29164FF500F83246 /* Assets.xcassets in Resources */,
			);
			runOnlyForDeploymentPostprocessing = 0;
		};
/* End PBXResourcesBuildPhase section */

/* Begin PBXSourcesBuildPhase section */
		1D03C6CB29164FF300F83246 /* Sources */ = {
			isa = PBXSourcesBuildPhase;
			buildActionMask = 2147483647;
			files = (
				1D03C6ED2916545E00F83246 /* SearchViewController.swift in Sources */,
				1D03C6D729164FF300F83246 /* MainTabBarViewController.swift in Sources */,
				1DFAC9832917753E00BA1B2D /* CollectionViewTableViewCell.swift in Sources */,
				1D03C6D329164FF300F83246 /* AppDelegate.swift in Sources */,
				1DFAC9A529178D1700BA1B2D /* SakulaHeaderView.swift in Sources */,
				1D03C6EF291654A100F83246 /* DownloadViewController.swift in Sources */,
				1D03C6EA291652C900F83246 /* UpcomingViewController.swift in Sources */,
				1D03C6D529164FF300F83246 /* SceneDelegate.swift in Sources */,
				1D03C6E82916527A00F83246 /* HomeViewController.swift in Sources */,
			);
			runOnlyForDeploymentPostprocessing = 0;
		};
/* End PBXSourcesBuildPhase section */

/* Begin PBXVariantGroup section */
		1D03C6DD29164FF500F83246 /* LaunchScreen.storyboard */ = {
			isa = PBXVariantGroup;
			children = (
				1D03C6DE29164FF500F83246 /* Base */,
			);
			name = LaunchScreen.storyboard;
			sourceTree = "<group>";
		};
/* End PBXVariantGroup section */

/* Begin XCBuildConfiguration section */
		1D03C6E129164FF500F83246 /* Debug */ = {
			isa = XCBuildConfiguration;
			buildSettings = {
				ALWAYS_SEARCH_USER_PATHS = NO;
				CLANG_ANALYZER_NONNULL = YES;
				CLANG_ANALYZER_NUMBER_OBJECT_CONVERSION = YES_AGGRESSIVE;
				CLANG_CXX_LANGUAGE_STANDARD = "gnu++20";
				CLANG_ENABLE_MODULES = YES;
				CLANG_ENABLE_OBJC_ARC = YES;
				CLANG_ENABLE_OBJC_WEAK = YES;
				CLANG_WARN_BLOCK_CAPTURE_AUTORELEASING = YES;
				CLANG_WARN_BOOL_CONVERSION = YES;
				CLANG_WARN_COMMA = YES;
				CLANG_WARN_CONSTANT_CONVERSION = YES;
				CLANG_WARN_DEPRECATED_OBJC_IMPLEMENTATIONS = YES;
				CLANG_WARN_DIRECT_OBJC_ISA_USAGE = YES_ERROR;
				CLANG_WARN_DOCUMENTATION_COMMENTS = YES;
				CLANG_WARN_EMPTY_BODY = YES;
				CLANG_WARN_ENUM_CONVERSION = YES;
				CLANG_WARN_INFINITE_RECURSION = YES;
				CLANG_WARN_INT_CONVERSION = YES;
				CLANG_WARN_NON_LITERAL_NULL_CONVERSION = YES;
				CLANG_WARN_OBJC_IMPLICIT_RETAIN_SELF = YES;
				CLANG_WARN_OBJC_LITERAL_CONVERSION = YES;
				CLANG_WARN_OBJC_ROOT_CLASS = YES_ERROR;
				CLANG_WARN_QUOTED_INCLUDE_IN_FRAMEWORK_HEADER = YES;
				CLANG_WARN_RANGE_LOOP_ANALYSIS = YES;
				CLANG_WARN_STRICT_PROTOTYPES = YES;
				CLANG_WARN_SUSPICIOUS_MOVE = YES;
				CLANG_WARN_UNGUARDED_AVAILABILITY = YES_AGGRESSIVE;
				CLANG_WARN_UNREACHABLE_CODE = YES;
				CLANG_WARN__DUPLICATE_METHOD_MATCH = YES;
				COPY_PHASE_STRIP = NO;
				DEBUG_INFORMATION_FORMAT = dwarf;
				ENABLE_STRICT_OBJC_MSGSEND = YES;
				ENABLE_TESTABILITY = YES;
				GCC_C_LANGUAGE_STANDARD = gnu11;
				GCC_DYNAMIC_NO_PIC = NO;
				GCC_NO_COMMON_BLOCKS = YES;
				GCC_OPTIMIZATION_LEVEL = 0;
				GCC_PREPROCESSOR_DEFINITIONS = (
					"DEBUG=1",
					"$(inherited)",
				);
				GCC_WARN_64_TO_32_BIT_CONVERSION = YES;
				GCC_WARN_ABOUT_RETURN_TYPE = YES_ERROR;
				GCC_WARN_UNDECLARED_SELECTOR = YES;
				GCC_WARN_UNINITIALIZED_AUTOS = YES_AGGRESSIVE;
				GCC_WARN_UNUSED_FUNCTION = YES;
				GCC_WARN_UNUSED_VARIABLE = YES;
				IPHONEOS_DEPLOYMENT_TARGET = 16.1;
				MTL_ENABLE_DEBUG_INFO = INCLUDE_SOURCE;
				MTL_FAST_MATH = YES;
				ONLY_ACTIVE_ARCH = YES;
				SDKROOT = iphoneos;
				SWIFT_ACTIVE_COMPILATION_CONDITIONS = DEBUG;
				SWIFT_OPTIMIZATION_LEVEL = "-Onone";
			};
			name = Debug;
		};
		1D03C6E229164FF500F83246 /* Release */ = {
			isa = XCBuildConfiguration;
			buildSettings = {
				ALWAYS_SEARCH_USER_PATHS = NO;
				CLANG_ANALYZER_NONNULL = YES;
				CLANG_ANALYZER_NUMBER_OBJECT_CONVERSION = YES_AGGRESSIVE;
				CLANG_CXX_LANGUAGE_STANDARD = "gnu++20";
				CLANG_ENABLE_MODULES = YES;
				CLANG_ENABLE_OBJC_ARC = YES;
				CLANG_ENABLE_OBJC_WEAK = YES;
				CLANG_WARN_BLOCK_CAPTURE_AUTORELEASING = YES;
				CLANG_WARN_BOOL_CONVERSION = YES;
				CLANG_WARN_COMMA = YES;
				CLANG_WARN_CONSTANT_CONVERSION = YES;
				CLANG_WARN_DEPRECATED_OBJC_IMPLEMENTATIONS = YES;
				CLANG_WARN_DIRECT_OBJC_ISA_USAGE = YES_ERROR;
				CLANG_WARN_DOCUMENTATION_COMMENTS = YES;
				CLANG_WARN_EMPTY_BODY = YES;
				CLANG_WARN_ENUM_CONVERSION = YES;
				CLANG_WARN_INFINITE_RECURSION = YES;
				CLANG_WARN_INT_CONVERSION = YES;
				CLANG_WARN_NON_LITERAL_NULL_CONVERSION = YES;
				CLANG_WARN_OBJC_IMPLICIT_RETAIN_SELF = YES;
				CLANG_WARN_OBJC_LITERAL_CONVERSION = YES;
				CLANG_WARN_OBJC_ROOT_CLASS = YES_ERROR;
				CLANG_WARN_QUOTED_INCLUDE_IN_FRAMEWORK_HEADER = YES;
				CLANG_WARN_RANGE_LOOP_ANALYSIS = YES;
				CLANG_WARN_STRICT_PROTOTYPES = YES;
				CLANG_WARN_SUSPICIOUS_MOVE = YES;
				CLANG_WARN_UNGUARDED_AVAILABILITY = YES_AGGRESSIVE;
				CLANG_WARN_UNREACHABLE_CODE = YES;
				CLANG_WARN__DUPLICATE_METHOD_MATCH = YES;
				COPY_PHASE_STRIP = NO;
				DEBUG_INFORMATION_FORMAT = "dwarf-with-dsym";
				ENABLE_NS_ASSERTIONS = NO;
				ENABLE_STRICT_OBJC_MSGSEND = YES;
				GCC_C_LANGUAGE_STANDARD = gnu11;
				GCC_NO_COMMON_BLOCKS = YES;
				GCC_WARN_64_TO_32_BIT_CONVERSION = YES;
				GCC_WARN_ABOUT_RETURN_TYPE = YES_ERROR;
				GCC_WARN_UNDECLARED_SELECTOR = YES;
				GCC_WARN_UNINITIALIZED_AUTOS = YES_AGGRESSIVE;
				GCC_WARN_UNUSED_FUNCTION = YES;
				GCC_WARN_UNUSED_VARIABLE = YES;
				IPHONEOS_DEPLOYMENT_TARGET = 16.1;
				MTL_ENABLE_DEBUG_INFO = NO;
				MTL_FAST_MATH = YES;
				SDKROOT = iphoneos;
				SWIFT_COMPILATION_MODE = wholemodule;
				SWIFT_OPTIMIZATION_LEVEL = "-O";
				VALIDATE_PRODUCT = YES;
			};
			name = Release;
		};
		1D03C6E429164FF500F83246 /* Debug */ = {
			isa = XCBuildConfiguration;
			buildSettings = {
				ASSETCATALOG_COMPILER_APPICON_NAME = AppIcon;
				ASSETCATALOG_COMPILER_GLOBAL_ACCENT_COLOR_NAME = AccentColor;
				CODE_SIGN_STYLE = Automatic;
				CURRENT_PROJECT_VERSION = 1;
				GENERATE_INFOPLIST_FILE = YES;
				INFOPLIST_FILE = "Netflix Clone/Info.plist";
				INFOPLIST_KEY_UIApplicationSupportsIndirectInputEvents = YES;
				INFOPLIST_KEY_UILaunchStoryboardName = LaunchScreen;
				INFOPLIST_KEY_UISupportedInterfaceOrientations_iPad = "UIInterfaceOrientationPortrait UIInterfaceOrientationPortraitUpsideDown UIInterfaceOrientationLandscapeLeft UIInterfaceOrientationLandscapeRight";
				INFOPLIST_KEY_UISupportedInterfaceOrientations_iPhone = "UIInterfaceOrientationPortrait UIInterfaceOrientationLandscapeLeft UIInterfaceOrientationLandscapeRight";
				LD_RUNPATH_SEARCH_PATHS = (
					"$(inherited)",
					"@executable_path/Frameworks",
				);
				MARKETING_VERSION = 1.0;
				PRODUCT_BUNDLE_IDENTIFIER = "com.jenkin.Netflix-Clone";
				PRODUCT_NAME = "$(TARGET_NAME)";
				SWIFT_EMIT_LOC_STRINGS = YES;
				SWIFT_VERSION = 5.0;
				TARGETED_DEVICE_FAMILY = "1,2";
			};
			name = Debug;
		};
		1D03C6E529164FF500F83246 /* Release */ = {
			isa = XCBuildConfiguration;
			buildSettings = {
				ASSETCATALOG_COMPILER_APPICON_NAME = AppIcon;
				ASSETCATALOG_COMPILER_GLOBAL_ACCENT_COLOR_NAME = AccentColor;
				CODE_SIGN_STYLE = Automatic;
				CURRENT_PROJECT_VERSION = 1;
				GENERATE_INFOPLIST_FILE = YES;
				INFOPLIST_FILE = "Netflix Clone/Info.plist";
				INFOPLIST_KEY_UIApplicationSupportsIndirectInputEvents = YES;
				INFOPLIST_KEY_UILaunchStoryboardName = LaunchScreen;
				INFOPLIST_KEY_UISupportedInterfaceOrientations_iPad = "UIInterfaceOrientationPortrait UIInterfaceOrientationPortraitUpsideDown UIInterfaceOrientationLandscapeLeft UIInterfaceOrientationLandscapeRight";
				INFOPLIST_KEY_UISupportedInterfaceOrientations_iPhone = "UIInterfaceOrientationPortrait UIInterfaceOrientationLandscapeLeft UIInterfaceOrientationLandscapeRight";
				LD_RUNPATH_SEARCH_PATHS = (
					"$(inherited)",
					"@executable_path/Frameworks",
				);
				MARKETING_VERSION = 1.0;
				PRODUCT_BUNDLE_IDENTIFIER = "com.jenkin.Netflix-Clone";
				PRODUCT_NAME = "$(TARGET_NAME)";
				SWIFT_EMIT_LOC_STRINGS = YES;
				SWIFT_VERSION = 5.0;
				TARGETED_DEVICE_FAMILY = "1,2";
			};
			name = Release;
		};
/* End XCBuildConfiguration section */

/* Begin XCConfigurationList section */
		1D03C6CA29164FF300F83246 /* Build configuration list for PBXProject "Netflix Clone" */ = {
			isa = XCConfigurationList;
			buildConfigurations = (
				1D03C6E129164FF500F83246 /* Debug */,
				1D03C6E229164FF500F83246 /* Release */,
			);
			defaultConfigurationIsVisible = 0;
			defaultConfigurationName = Release;
		};
		1D03C6E329164FF500F83246 /* Build configuration list for PBXNativeTarget "Netflix Clone" */ = {
			isa = XCConfigurationList;
			buildConfigurations = (
				1D03C6E429164FF500F83246 /* Debug */,
				1D03C6E529164FF500F83246 /* Release */,
			);
			defaultConfigurationIsVisible = 0;
			defaultConfigurationName = Release;
		};
/* End XCConfigurationList section */
	};
	rootObject = 1D03C6C729164FF300F83246 /* Project object */;
}
